
Microsoft Visual Studio Solution File, Format Version 12.00
# Visual Studio 15
VisualStudioVersion = 15.0.26124.0
MinimumVisualStudioVersion = 15.0.26124.0
Project("{FAE04EC0-301F-11D3-BF4B-00C04F79EFBC}") = "Text", "Text\Text.csproj", "{69346FC4-5DA0-4CF0-AB2F-C888471E5012}"
EndProject
Project("{FAE04EC0-301F-11D3-BF4B-00C04F79EFBC}") = "Text.Tests", "Text.Tests\Text.Tests.csproj", "{D464DB60-6AFE-4A58-8296-0A8FE3C627A0}"
EndProject
Global
	GlobalSection(SolutionConfigurationPlatforms) = preSolution
		Debug|Any CPU = Debug|Any CPU
		Debug|x64 = Debug|x64
		Debug|x86 = Debug|x86
		Release|Any CPU = Release|Any CPU
		Release|x64 = Release|x64
		Release|x86 = Release|x86
	EndGlobalSection
	GlobalSection(SolutionProperties) = preSolution
		HideSolutionNode = FALSE
	EndGlobalSection
	GlobalSection(ProjectConfigurationPlatforms) = postSolution
		{69346FC4-5DA0-4CF0-AB2F-C888471E5012}.Debug|Any CPU.ActiveCfg = Debug|Any CPU
		{69346FC4-5DA0-4CF0-AB2F-C888471E5012}.Debug|Any CPU.Build.0 = Debug|Any CPU
		{69346FC4-5DA0-4CF0-AB2F-C888471E5012}.Debug|x64.ActiveCfg = Debug|Any CPU
		{69346FC4-5DA0-4CF0-AB2F-C888471E5012}.Debug|x64.Build.0 = Debug|Any CPU
		{69346FC4-5DA0-4CF0-AB2F-C888471E5012}.Debug|x86.ActiveCfg = Debug|Any CPU
		{69346FC4-5DA0-4CF0-AB2F-C888471E5012}.Debug|x86.Build.0 = Debug|Any CPU
		{69346FC4-5DA0-4CF0-AB2F-C888471E5012}.Release|Any CPU.ActiveCfg = Release|Any CPU
		{69346FC4-5DA0-4CF0-AB2F-C888471E5012}.Release|Any CPU.Build.0 = Release|Any CPU
		{69346FC4-5DA0-4CF0-AB2F-C888471E5012}.Release|x64.ActiveCfg = Release|Any CPU
		{69346FC4-5DA0-4CF0-AB2F-C888471E5012}.Release|x64.Build.0 = Release|Any CPU
		{69346FC4-5DA0-4CF0-AB2F-C888471E5012}.Release|x86.ActiveCfg = Release|Any CPU
		{69346FC4-5DA0-4CF0-AB2F-C888471E5012}.Release|x86.Build.0 = Release|Any CPU
		{D464DB60-6AFE-4A58-8296-0A8FE3C627A0}.Debug|Any CPU.ActiveCfg = Debug|Any CPU
		{D464DB60-6AFE-4A58-8296-0A8FE3C627A0}.Debug|Any CPU.Build.0 = Debug|Any CPU
		{D464DB60-6AFE-4A58-8296-0A8FE3C627A0}.Debug|x64.ActiveCfg = Debug|Any CPU
		{D464DB60-6AFE-4A58-8296-0A8FE3C627A0}.Debug|x64.Build.0 = Debug|Any CPU
		{D464DB60-6AFE-4A58-8296-0A8FE3C627A0}.Debug|x86.ActiveCfg = Debug|Any CPU
		{D464DB60-6AFE-4A58-8296-0A8FE3C627A0}.Debug|x86.Build.0 = Debug|Any CPU
		{D464DB60-6AFE-4A58-8296-0A8FE3C627A0}.Release|Any CPU.ActiveCfg = Release|Any CPU
		{D464DB60-6AFE-4A58-8296-0A8FE3C627A0}.Release|Any CPU.Build.0 = Release|Any CPU
		{D464DB60-6AFE-4A58-8296-0A8FE3C627A0}.Release|x64.ActiveCfg = Release|Any CPU
		{D464DB60-6AFE-4A58-8296-0A8FE3C627A0}.Release|x64.Build.0 = Release|Any CPU
		{D464DB60-6AFE-4A58-8296-0A8FE3C627A0}.Release|x86.ActiveCfg = Release|Any CPU
		{D464DB60-6AFE-4A58-8296-0A8FE3C627A0}.Release|x86.Build.0 = Release|Any CPU
	EndGlobalSection
EndGlobal
