
Microsoft Visual Studio Solution File, Format Version 12.00
# Visual Studio 15
VisualStudioVersion = 15.0.26124.0
MinimumVisualStudioVersion = 15.0.26124.0
Project("{FAE04EC0-301F-11D3-BF4B-00C04F79EFBC}") = "MyMath", "MyMath\MyMath.csproj", "{BA766813-2539-4450-A348-94A108199C31}"
EndProject
Project("{FAE04EC0-301F-11D3-BF4B-00C04F79EFBC}") = "MyMath.Tests", "MyMath.Tests\MyMath.Tests.csproj", "{95E69920-EFC3-4CA2-A985-E5004BEF3503}"
EndProject
Global
	GlobalSection(SolutionConfigurationPlatforms) = preSolution
		Debug|Any CPU = Debug|Any CPU
		Debug|x64 = Debug|x64
		Debug|x86 = Debug|x86
		Release|Any CPU = Release|Any CPU
		Release|x64 = Release|x64
		Release|x86 = Release|x86
	EndGlobalSection
	GlobalSection(SolutionProperties) = preSolution
		HideSolutionNode = FALSE
	EndGlobalSection
	GlobalSection(ProjectConfigurationPlatforms) = postSolution
		{BA766813-2539-4450-A348-94A108199C31}.Debug|Any CPU.ActiveCfg = Debug|Any CPU
		{BA766813-2539-4450-A348-94A108199C31}.Debug|Any CPU.Build.0 = Debug|Any CPU
		{BA766813-2539-4450-A348-94A108199C31}.Debug|x64.ActiveCfg = Debug|Any CPU
		{BA766813-2539-4450-A348-94A108199C31}.Debug|x64.Build.0 = Debug|Any CPU
		{BA766813-2539-4450-A348-94A108199C31}.Debug|x86.ActiveCfg = Debug|Any CPU
		{BA766813-2539-4450-A348-94A108199C31}.Debug|x86.Build.0 = Debug|Any CPU
		{BA766813-2539-4450-A348-94A108199C31}.Release|Any CPU.ActiveCfg = Release|Any CPU
		{BA766813-2539-4450-A348-94A108199C31}.Release|Any CPU.Build.0 = Release|Any CPU
		{BA766813-2539-4450-A348-94A108199C31}.Release|x64.ActiveCfg = Release|Any CPU
		{BA766813-2539-4450-A348-94A108199C31}.Release|x64.Build.0 = Release|Any CPU
		{BA766813-2539-4450-A348-94A108199C31}.Release|x86.ActiveCfg = Release|Any CPU
		{BA766813-2539-4450-A348-94A108199C31}.Release|x86.Build.0 = Release|Any CPU
		{95E69920-EFC3-4CA2-A985-E5004BEF3503}.Debug|Any CPU.ActiveCfg = Debug|Any CPU
		{95E69920-EFC3-4CA2-A985-E5004BEF3503}.Debug|Any CPU.Build.0 = Debug|Any CPU
		{95E69920-EFC3-4CA2-A985-E5004BEF3503}.Debug|x64.ActiveCfg = Debug|Any CPU
		{95E69920-EFC3-4CA2-A985-E5004BEF3503}.Debug|x64.Build.0 = Debug|Any CPU
		{95E69920-EFC3-4CA2-A985-E5004BEF3503}.Debug|x86.ActiveCfg = Debug|Any CPU
		{95E69920-EFC3-4CA2-A985-E5004BEF3503}.Debug|x86.Build.0 = Debug|Any CPU
		{95E69920-EFC3-4CA2-A985-E5004BEF3503}.Release|Any CPU.ActiveCfg = Release|Any CPU
		{95E69920-EFC3-4CA2-A985-E5004BEF3503}.Release|Any CPU.Build.0 = Release|Any CPU
		{95E69920-EFC3-4CA2-A985-E5004BEF3503}.Release|x64.ActiveCfg = Release|Any CPU
		{95E69920-EFC3-4CA2-A985-E5004BEF3503}.Release|x64.Build.0 = Release|Any CPU
		{95E69920-EFC3-4CA2-A985-E5004BEF3503}.Release|x86.ActiveCfg = Release|Any CPU
		{95E69920-EFC3-4CA2-A985-E5004BEF3503}.Release|x86.Build.0 = Release|Any CPU
	EndGlobalSection
EndGlobal
