
Microsoft Visual Studio Solution File, Format Version 12.00
# Visual Studio 15
VisualStudioVersion = 15.0.26124.0
MinimumVisualStudioVersion = 15.0.26124.0
Project("{FAE04EC0-301F-11D3-BF4B-00C04F79EFBC}") = "MyMath", "MyMath\MyMath.csproj", "{CC2DDB92-61E6-4926-B9D6-6F8424758846}"
EndProject
Project("{FAE04EC0-301F-11D3-BF4B-00C04F79EFBC}") = "MyMath.Tests", "MyMath.Tests\MyMath.Tests.csproj", "{1F81A876-32DA-4081-9043-280897B29626}"
EndProject
Global
	GlobalSection(SolutionConfigurationPlatforms) = preSolution
		Debug|Any CPU = Debug|Any CPU
		Debug|x64 = Debug|x64
		Debug|x86 = Debug|x86
		Release|Any CPU = Release|Any CPU
		Release|x64 = Release|x64
		Release|x86 = Release|x86
	EndGlobalSection
	GlobalSection(SolutionProperties) = preSolution
		HideSolutionNode = FALSE
	EndGlobalSection
	GlobalSection(ProjectConfigurationPlatforms) = postSolution
		{CC2DDB92-61E6-4926-B9D6-6F8424758846}.Debug|Any CPU.ActiveCfg = Debug|Any CPU
		{CC2DDB92-61E6-4926-B9D6-6F8424758846}.Debug|Any CPU.Build.0 = Debug|Any CPU
		{CC2DDB92-61E6-4926-B9D6-6F8424758846}.Debug|x64.ActiveCfg = Debug|Any CPU
		{CC2DDB92-61E6-4926-B9D6-6F8424758846}.Debug|x64.Build.0 = Debug|Any CPU
		{CC2DDB92-61E6-4926-B9D6-6F8424758846}.Debug|x86.ActiveCfg = Debug|Any CPU
		{CC2DDB92-61E6-4926-B9D6-6F8424758846}.Debug|x86.Build.0 = Debug|Any CPU
		{CC2DDB92-61E6-4926-B9D6-6F8424758846}.Release|Any CPU.ActiveCfg = Release|Any CPU
		{CC2DDB92-61E6-4926-B9D6-6F8424758846}.Release|Any CPU.Build.0 = Release|Any CPU
		{CC2DDB92-61E6-4926-B9D6-6F8424758846}.Release|x64.ActiveCfg = Release|Any CPU
		{CC2DDB92-61E6-4926-B9D6-6F8424758846}.Release|x64.Build.0 = Release|Any CPU
		{CC2DDB92-61E6-4926-B9D6-6F8424758846}.Release|x86.ActiveCfg = Release|Any CPU
		{CC2DDB92-61E6-4926-B9D6-6F8424758846}.Release|x86.Build.0 = Release|Any CPU
		{1F81A876-32DA-4081-9043-280897B29626}.Debug|Any CPU.ActiveCfg = Debug|Any CPU
		{1F81A876-32DA-4081-9043-280897B29626}.Debug|Any CPU.Build.0 = Debug|Any CPU
		{1F81A876-32DA-4081-9043-280897B29626}.Debug|x64.ActiveCfg = Debug|Any CPU
		{1F81A876-32DA-4081-9043-280897B29626}.Debug|x64.Build.0 = Debug|Any CPU
		{1F81A876-32DA-4081-9043-280897B29626}.Debug|x86.ActiveCfg = Debug|Any CPU
		{1F81A876-32DA-4081-9043-280897B29626}.Debug|x86.Build.0 = Debug|Any CPU
		{1F81A876-32DA-4081-9043-280897B29626}.Release|Any CPU.ActiveCfg = Release|Any CPU
		{1F81A876-32DA-4081-9043-280897B29626}.Release|Any CPU.Build.0 = Release|Any CPU
		{1F81A876-32DA-4081-9043-280897B29626}.Release|x64.ActiveCfg = Release|Any CPU
		{1F81A876-32DA-4081-9043-280897B29626}.Release|x64.Build.0 = Release|Any CPU
		{1F81A876-32DA-4081-9043-280897B29626}.Release|x86.ActiveCfg = Release|Any CPU
		{1F81A876-32DA-4081-9043-280897B29626}.Release|x86.Build.0 = Release|Any CPU
	EndGlobalSection
EndGlobal
